<?xml version="1.0" encoding="utf-8"?>
<Project ToolsVersion="4.0" xmlns="http://schemas.microsoft.com/developer/msbuild/2003">
  <ItemGroup>
    <Filter Include="Source Files">
      <UniqueIdentifier>{9b913033-ef15-4123-8aef-4a0ce35f8b47}</UniqueIdentifier>
      <Extensions>cpp;c;cxx;rc;def;r;odl;hpj;bat;for;f90</Extensions>
    </Filter>
    <Filter Include="Header Files">
      <UniqueIdentifier>{ef6ba3dc-3969-4780-ad47-13529b252ee7}</UniqueIdentifier>
      <Extensions>h;hpp;hxx;hm;inl;fi;fd</Extensions>
    </Filter>
    <Filter Include="Resource Files">
      <UniqueIdentifier>{5d637ba9-d199-4866-acd9-e07f473e7266}</UniqueIdentifier>
      <Extensions>ico;cur;bmp;dlg;rc2;rct;bin;cnt;rtf;gif;jpg;jpeg;jpe</Extensions>
    </Filter>
  </ItemGroup>
  <ItemGroup>
    <ClCompile Include="g_active.cpp">
      <Filter>Source Files</Filter>
    </ClCompile>
    <ClCompile Include="g_ai.cpp">
      <Filter>Source Files</Filter>
    </ClCompile>
    <ClCompile Include="g_button.cpp">
      <Filter>Source Files</Filter>
    </ClCompile>
    <ClCompile Include="g_client.cpp">
      <Filter>Source Files</Filter>
    </ClCompile>
    <ClCompile Include="g_cmds.cpp">
      <Filter>Source Files</Filter>
    </ClCompile>
    <ClCompile Include="g_combat.cpp">
      <Filter>Source Files</Filter>
    </ClCompile>
    <ClCompile Include="p_trail.cpp">
      <Filter>Source Files</Filter>
    </ClCompile>
    <ClCompile Include="m_move.cpp">
      <Filter>Source Files</Filter>
    </ClCompile>
    <ClCompile Include="g_worldspawn.cpp">
      <Filter>Source Files</Filter>
    </ClCompile>
    <ClCompile Include="g_weapon.cpp">
      <Filter>Source Files</Filter>
    </ClCompile>
    <ClCompile Include="g_utils.cpp">
      <Filter>Source Files</Filter>
    </ClCompile>
    <ClCompile Include="g_trigger.cpp">
      <Filter>Source Files</Filter>
    </ClCompile>
    <ClCompile Include="g_train.cpp">
      <Filter>Source Files</Filter>
    </ClCompile>
    <ClCompile Include="g_target.cpp">
      <Filter>Source Files</Filter>
    </ClCompile>
    <ClCompile Include="g_svcmds.cpp">
      <Filter>Source Files</Filter>
    </ClCompile>
    <ClCompile Include="g_spawn.cpp">
      <Filter>Source Files</Filter>
    </ClCompile>
    <ClCompile Include="g_session.cpp">
      <Filter>Source Files</Filter>
    </ClCompile>
    <ClCompile Include="g_save.cpp">
      <Filter>Source Files</Filter>
    </ClCompile>
    <ClCompile Include="g_platform.cpp">
      <Filter>Source Files</Filter>
    </ClCompile>
    <ClCompile Include="g_mover.cpp">
      <Filter>Source Files</Filter>
    </ClCompile>
    <ClCompile Include="g_monster.cpp">
      <Filter>Source Files</Filter>
    </ClCompile>
    <ClCompile Include="g_missile.cpp">
      <Filter>Source Files</Filter>
    </ClCompile>
    <ClCompile Include="g_misc.cpp">
      <Filter>Source Files</Filter>
    </ClCompile>
    <ClCompile Include="g_mem.cpp">
      <Filter>Source Files</Filter>
    </ClCompile>
    <ClCompile Include="g_main.cpp">
      <Filter>Source Files</Filter>
    </ClCompile>
    <ClCompile Include="g_light.cpp">
      <Filter>Source Files</Filter>
    </ClCompile>
    <ClCompile Include="g_items.cpp">
      <Filter>Source Files</Filter>
    </ClCompile>
    <ClCompile Include="g_cvar.cpp">
      <Filter>Source Files</Filter>
    </ClCompile>
    <ClCompile Include="g_door.cpp">
      <Filter>Source Files</Filter>
    </ClCompile>
    <ClCompile Include="g_newmath.cpp">
      <Filter>Source Files</Filter>
    </ClCompile>
  </ItemGroup>
  <ItemGroup>
    <ClInclude Include="g_local.h">
      <Filter>Header Files</Filter>
    </ClInclude>
    <ClInclude Include="g_public.h">
      <Filter>Header Files</Filter>
    </ClInclude>
    <ClInclude Include="g_team.h">
      <Filter>Header Files</Filter>
    </ClInclude>
    <ClInclude Include="inv.h">
      <Filter>Header Files</Filter>
    </ClInclude>
    <ClInclude Include="match.h">
      <Filter>Header Files</Filter>
    </ClInclude>
    <ClInclude Include="q_shared.h">
      <Filter>Header Files</Filter>
    </ClInclude>
    <ClInclude Include="surfaceflags.h">
      <Filter>Header Files</Filter>
    </ClInclude>
    <ClInclude Include="syn.h">
      <Filter>Header Files</Filter>
    </ClInclude>
    <ClInclude Include="g_quakec.h">
      <Filter>Header Files</Filter>
    </ClInclude>
    <ClInclude Include="..\gameshared\bg_local.h">
      <Filter>Header Files</Filter>
    </ClInclude>
    <ClInclude Include="..\gameshared\bg_public.h">
      <Filter>Header Files</Filter>
    </ClInclude>
  </ItemGroup>
  <ItemGroup>
    <CustomBuild Include="game.def">
      <Filter>Source Files</Filter>
    </CustomBuild>
  </ItemGroup>
</Project>